
Microsoft Visual Studio Solution File, Format Version 12.00
# Visual Studio Version 16
VisualStudioVersion = 16.0.28803.452
MinimumVisualStudioVersion = 10.0.40219.1
Project("{8BC9CEB8-8B4A-11D0-8D11-00A0C91BC942}") = "Paint 2.0", "Paint 2.0\Paint 2.0.vcxproj", "{91D194E3-AFFD-4263-A2ED-9DF09FE5B7E6}"
EndProject
Global
	GlobalSection(SolutionConfigurationPlatforms) = preSolution
		Debug|x64 = Debug|x64
		Debug|x86 = Debug|x86
		Release|x64 = Release|x64
		Release|x86 = Release|x86
		Release1|x64 = Release1|x64
		Release1|x86 = Release1|x86
	EndGlobalSection
	GlobalSection(ProjectConfigurationPlatforms) = postSolution
		{91D194E3-AFFD-4263-A2ED-9DF09FE5B7E6}.Debug|x64.ActiveCfg = Debug|x64
		{91D194E3-AFFD-4263-A2ED-9DF09FE5B7E6}.Debug|x64.Build.0 = Debug|x64
		{91D194E3-AFFD-4263-A2ED-9DF09FE5B7E6}.Debug|x86.ActiveCfg = Debug|Win32
		{91D194E3-AFFD-4263-A2ED-9DF09FE5B7E6}.Debug|x86.Build.0 = Debug|Win32
		{91D194E3-AFFD-4263-A2ED-9DF09FE5B7E6}.Release|x64.ActiveCfg = Release|x64
		{91D194E3-AFFD-4263-A2ED-9DF09FE5B7E6}.Release|x64.Build.0 = Release|x64
		{91D194E3-AFFD-4263-A2ED-9DF09FE5B7E6}.Release|x86.ActiveCfg = Release|Win32
		{91D194E3-AFFD-4263-A2ED-9DF09FE5B7E6}.Release|x86.Build.0 = Release|Win32
		{91D194E3-AFFD-4263-A2ED-9DF09FE5B7E6}.Release1|x64.ActiveCfg = Release1|x64
		{91D194E3-AFFD-4263-A2ED-9DF09FE5B7E6}.Release1|x64.Build.0 = Release1|x64
		{91D194E3-AFFD-4263-A2ED-9DF09FE5B7E6}.Release1|x86.ActiveCfg = Release1|Win32
		{91D194E3-AFFD-4263-A2ED-9DF09FE5B7E6}.Release1|x86.Build.0 = Release1|Win32
	EndGlobalSection
	GlobalSection(SolutionProperties) = preSolution
		HideSolutionNode = FALSE
	EndGlobalSection
	GlobalSection(ExtensibilityGlobals) = postSolution
		SolutionGuid = {C662894D-090E-44DC-AF1B-A63BEDE417FE}
	EndGlobalSection
EndGlobal
